
Microsoft Visual Studio Solution File, Format Version 12.00
# Visual Studio Version 17
VisualStudioVersion = 17.3.32825.248
MinimumVisualStudioVersion = 10.0.40219.1
Project("{FAE04EC0-301F-11D3-BF4B-00C04F79EFBC}") = "EShop.Api", "EShop.Api\EShop.Api.csproj", "{2C2303A7-561D-442C-8DEE-44ADC30DBB51}"
EndProject
Project("{2150E333-8FDC-42A3-9474-1A3956D46DE8}") = "src", "src", "{E4AC2F29-5C21-444B-BA2A-BD8E8A247AC0}"
EndProject
Project("{2150E333-8FDC-42A3-9474-1A3956D46DE8}") = "test", "test", "{F9F5BC04-8BD9-4A67-9E48-53ADC03D504D}"
EndProject
Project("{FAE04EC0-301F-11D3-BF4B-00C04F79EFBC}") = "EShop.Api.Tests", "Test\EShop.Api.Tests\EShop.Api.Tests.csproj", "{310EB8A4-71B3-4020-A163-38712D071145}"
EndProject
Global
	GlobalSection(SolutionConfigurationPlatforms) = preSolution
		Debug|Any CPU = Debug|Any CPU
		Release|Any CPU = Release|Any CPU
	EndGlobalSection
	GlobalSection(ProjectConfigurationPlatforms) = postSolution
		{2C2303A7-561D-442C-8DEE-44ADC30DBB51}.Debug|Any CPU.ActiveCfg = Debug|Any CPU
		{2C2303A7-561D-442C-8DEE-44ADC30DBB51}.Debug|Any CPU.Build.0 = Debug|Any CPU
		{2C2303A7-561D-442C-8DEE-44ADC30DBB51}.Release|Any CPU.ActiveCfg = Release|Any CPU
		{2C2303A7-561D-442C-8DEE-44ADC30DBB51}.Release|Any CPU.Build.0 = Release|Any CPU
		{310EB8A4-71B3-4020-A163-38712D071145}.Debug|Any CPU.ActiveCfg = Debug|Any CPU
		{310EB8A4-71B3-4020-A163-38712D071145}.Debug|Any CPU.Build.0 = Debug|Any CPU
		{310EB8A4-71B3-4020-A163-38712D071145}.Release|Any CPU.ActiveCfg = Release|Any CPU
		{310EB8A4-71B3-4020-A163-38712D071145}.Release|Any CPU.Build.0 = Release|Any CPU
	EndGlobalSection
	GlobalSection(SolutionProperties) = preSolution
		HideSolutionNode = FALSE
	EndGlobalSection
	GlobalSection(NestedProjects) = preSolution
		{2C2303A7-561D-442C-8DEE-44ADC30DBB51} = {E4AC2F29-5C21-444B-BA2A-BD8E8A247AC0}
		{310EB8A4-71B3-4020-A163-38712D071145} = {F9F5BC04-8BD9-4A67-9E48-53ADC03D504D}
	EndGlobalSection
	GlobalSection(ExtensibilityGlobals) = postSolution
		SolutionGuid = {AE9851BC-75A9-4766-848D-D704CE146252}
	EndGlobalSection
EndGlobal
